
Microsoft Visual Studio Solution File, Format Version 12.00
# Visual Studio Version 16
VisualStudioVersion = 16.0.29020.237
MinimumVisualStudioVersion = 10.0.40219.1
Project("{FAE04EC0-301F-11D3-BF4B-00C04F79EFBC}") = "PokerProbabilityCalculator", "PokerProbabilityCalculator\PokerProbabilityCalculator.csproj", "{0694964B-647C-4B7B-8C1A-9244764A1DED}"
EndProject
Global
	GlobalSection(SolutionConfigurationPlatforms) = preSolution
		Debug|Any CPU = Debug|Any CPU
		Release|Any CPU = Release|Any CPU
	EndGlobalSection
	GlobalSection(ProjectConfigurationPlatforms) = postSolution
		{0694964B-647C-4B7B-8C1A-9244764A1DED}.Debug|Any CPU.ActiveCfg = Debug|Any CPU
		{0694964B-647C-4B7B-8C1A-9244764A1DED}.Debug|Any CPU.Build.0 = Debug|Any CPU
		{0694964B-647C-4B7B-8C1A-9244764A1DED}.Release|Any CPU.ActiveCfg = Release|Any CPU
		{0694964B-647C-4B7B-8C1A-9244764A1DED}.Release|Any CPU.Build.0 = Release|Any CPU
	EndGlobalSection
	GlobalSection(SolutionProperties) = preSolution
		HideSolutionNode = FALSE
	EndGlobalSection
	GlobalSection(ExtensibilityGlobals) = postSolution
		SolutionGuid = {4FDA23C5-A689-4E0A-A2B2-3700D2D2CCC2}
	EndGlobalSection
EndGlobal
